
Microsoft Visual Studio Solution File, Format Version 12.00
# Visual Studio 15
VisualStudioVersion = 15.0.28307.421
MinimumVisualStudioVersion = 10.0.40219.1
Project("{888888A0-9F3D-457C-B088-3A5042F75D52}") = "cursach1", "cursach1\cursach1.pyproj", "{95358364-8847-4016-9ADD-2A34953CF3D7}"
EndProject
Global
	GlobalSection(SolutionConfigurationPlatforms) = preSolution
		Debug|Any CPU = Debug|Any CPU
		Release|Any CPU = Release|Any CPU
	EndGlobalSection
	GlobalSection(ProjectConfigurationPlatforms) = postSolution
		{95358364-8847-4016-9ADD-2A34953CF3D7}.Debug|Any CPU.ActiveCfg = Debug|Any CPU
		{95358364-8847-4016-9ADD-2A34953CF3D7}.Release|Any CPU.ActiveCfg = Release|Any CPU
	EndGlobalSection
	GlobalSection(SolutionProperties) = preSolution
		HideSolutionNode = FALSE
	EndGlobalSection
	GlobalSection(ExtensibilityGlobals) = postSolution
		SolutionGuid = {473E0BDA-B66A-4CD3-B94C-D834F134C1A4}
	EndGlobalSection
EndGlobal
